
Microsoft Visual Studio Solution File, Format Version 12.00
# Visual Studio Version 17
VisualStudioVersion = 17.7.34031.279
MinimumVisualStudioVersion = 10.0.40219.1
Project("{FAE04EC0-301F-11D3-BF4B-00C04F79EFBC}") = "ex9_1_2_2206", "ex9_1_2_2206.csproj", "{29BFE118-6E48-416D-9CBC-0B4113A4B6B6}"
EndProject
Global
	GlobalSection(SolutionConfigurationPlatforms) = preSolution
		Debug|Any CPU = Debug|Any CPU
		Release|Any CPU = Release|Any CPU
	EndGlobalSection
	GlobalSection(ProjectConfigurationPlatforms) = postSolution
		{29BFE118-6E48-416D-9CBC-0B4113A4B6B6}.Debug|Any CPU.ActiveCfg = Debug|Any CPU
		{29BFE118-6E48-416D-9CBC-0B4113A4B6B6}.Debug|Any CPU.Build.0 = Debug|Any CPU
		{29BFE118-6E48-416D-9CBC-0B4113A4B6B6}.Release|Any CPU.ActiveCfg = Release|Any CPU
		{29BFE118-6E48-416D-9CBC-0B4113A4B6B6}.Release|Any CPU.Build.0 = Release|Any CPU
	EndGlobalSection
	GlobalSection(SolutionProperties) = preSolution
		HideSolutionNode = FALSE
	EndGlobalSection
	GlobalSection(ExtensibilityGlobals) = postSolution
		SolutionGuid = {4CAA3935-1718-4A69-889B-2C6A1044A20A}
	EndGlobalSection
EndGlobal
